// !$*UTF8*$!
{
	archiveVersion = 1;
	classes = {
	};
	objectVersion = 50;
	objects = {

/* Begin PBXBuildFile section */
		434CA65E20EAEABF00B19938 /* AppDelegate.swift in Sources */ = {isa = PBXBuildFile; fileRef = 434CA65D20EAEABF00B19938 /* AppDelegate.swift */; };
		434CA66020EAEABF00B19938 /* ViewController.swift in Sources */ = {isa = PBXBuildFile; fileRef = 434CA65F20EAEABF00B19938 /* ViewController.swift */; };
		434CA66320EAEABF00B19938 /* Main.storyboard in Resources */ = {isa = PBXBuildFile; fileRef = 434CA66120EAEABF00B19938 /* Main.storyboard */; };
		434CA66520EAEAC000B19938 /* Assets.xcassets in Resources */ = {isa = PBXBuildFile; fileRef = 434CA66420EAEAC000B19938 /* Assets.xcassets */; };
		434CA66820EAEAC000B19938 /* LaunchScreen.storyboard in Resources */ = {isa = PBXBuildFile; fileRef = 434CA66620EAEAC000B19938 /* LaunchScreen.storyboard */; };
		43949F82218AC0570082DEEF /* mainViewController.swift in Sources */ = {isa = PBXBuildFile; fileRef = 43949F81218AC0570082DEEF /* mainViewController.swift */; };
/* End PBXBuildFile section */

/* Begin PBXFileReference section */
		434CA65A20EAEABF00B19938 /* WarCard.app */ = {isa = PBXFileReference; explicitFileType = wrapper.application; includeInIndex = 0; path = WarCard.app; sourceTree = BUILT_PRODUCTS_DIR; };
		434CA65D20EAEABF00B19938 /* AppDelegate.swift */ = {isa = PBXFileReference; lastKnownFileType = sourcecode.swift; path = AppDelegate.swift; sourceTree = "<group>"; };
		434CA65F20EAEABF00B19938 /* ViewController.swift */ = {isa = PBXFileReference; lastKnownFileType = sourcecode.swift; path = ViewController.swift; sourceTree = "<group>"; };
		434CA66220EAEABF00B19938 /* Base */ = {isa = PBXFileReference; lastKnownFileType = file.storyboard; name = Base; path = Base.lproj/Main.storyboard; sourceTree = "<group>"; };
		434CA66420EAEAC000B19938 /* Assets.xcassets */ = {isa = PBXFileReference; lastKnownFileType = folder.assetcatalog; path = Assets.xcassets; sourceTree = "<group>"; };
		434CA66720EAEAC000B19938 /* Base */ = {isa = PBXFileReference; lastKnownFileType = file.storyboard; name = Base; path = Base.lproj/LaunchScreen.storyboard; sourceTree = "<group>"; };
		434CA66920EAEAC000B19938 /* Info.plist */ = {isa = PBXFileReference; lastKnownFileType = text.plist.xml; path = Info.plist; sourceTree = "<group>"; };
		43949F81218AC0570082DEEF /* mainViewController.swift */ = {isa = PBXFileReference; lastKnownFileType = sourcecode.swift; path = mainViewController.swift; sourceTree = "<group>"; };
/* End PBXFileReference section */

/* Begin PBXFrameworksBuildPhase section */
		434CA65720EAEABF00B19938 /* Frameworks */ = {
			isa = PBXFrameworksBuildPhase;
			buildActionMask = 2147483647;
			files = (
			);
			runOnlyForDeploymentPostprocessing = 0;
		};
/* End PBXFrameworksBuildPhase section */

/* Begin PBXGroup section */
		434CA65120EAEABF00B19938 = {
			isa = PBXGroup;
			children = (
				434CA65C20EAEABF00B19938 /* WarCard */,
				434CA65B20EAEABF00B19938 /* Products */,
			);
			sourceTree = "<group>";
		};
		434CA65B20EAEABF00B19938 /* Products */ = {
			isa = PBXGroup;
			children = (
				434CA65A20EAEABF00B19938 /* WarCard.app */,
			);
			name = Products;
			sourceTree = "<group>";
		};
		434CA65C20EAEABF00B19938 /* WarCard */ = {
			isa = PBXGroup;
			children = (
				434CA65D20EAEABF00B19938 /* AppDelegate.swift */,
				434CA65F20EAEABF00B19938 /* ViewController.swift */,
				43949F81218AC0570082DEEF /* mainViewController.swift */,
				434CA66120EAEABF00B19938 /* Main.storyboard */,
				434CA66420EAEAC000B19938 /* Assets.xcassets */,
				434CA66620EAEAC000B19938 /* LaunchScreen.storyboard */,
				434CA66920EAEAC000B19938 /* Info.plist */,
			);
			path = WarCard;
			sourceTree = "<group>";
		};
/* End PBXGroup section */

/* Begin PBXNativeTarget section */
		434CA65920EAEABF00B19938 /* WarCard */ = {
			isa = PBXNativeTarget;
			buildConfigurationList = 434CA66C20EAEAC000B19938 /* Build configuration list for PBXNativeTarget "WarCard" */;
			buildPhases = (
				434CA65620EAEABF00B19938 /* Sources */,
				434CA65720EAEABF00B19938 /* Frameworks */,
				434CA65820EAEABF00B19938 /* Resources */,
			);
			buildRules = (
			);
			dependencies = (
			);
			name = WarCard;
			productName = WarCard;
			productReference = 434CA65A20EAEABF00B19938 /* WarCard.app */;
			productType = "com.apple.product-type.application";
		};
/* End PBXNativeTarget section */

/* Begin PBXProject section */
		434CA65220EAEABF00B19938 /* Project object */ = {
			isa = PBXProject;
			attributes = {
				LastSwiftUpdateCheck = 0940;
				LastUpgradeCheck = 0940;
				ORGANIZATIONNAME = "Neerav Patel";
				TargetAttributes = {
					434CA65920EAEABF00B19938 = {
						CreatedOnToolsVersion = 9.4.1;
						LastSwiftMigration = 1020;
					};
				};
			};
			buildConfigurationList = 434CA65520EAEABF00B19938 /* Build configuration list for PBXProject "WarCard" */;
			compatibilityVersion = "Xcode 9.3";
			developmentRegion = en;
			hasScannedForEncodings = 0;
			knownRegions = (
				en,
				Base,
			);
			mainGroup = 434CA65120EAEABF00B19938;
			productRefGroup = 434CA65B20EAEABF00B19938 /* Products */;
			projectDirPath = "";
			projectRoot = "";
			targets = (
				434CA65920EAEABF00B19938 /* WarCard */,
			);
		};
/* End PBXProject section */

/* Begin PBXResourcesBuildPhase section */
		434CA65820EAEABF00B19938 /* Resources */ = {
			isa = PBXResourcesBuildPhase;
			buildActionMask = 2147483647;
			files = (
				434CA66820EAEAC000B19938 /* LaunchScreen.storyboard in Resources */,
				434CA66520EAEAC000B19938 /* Assets.xcassets in Resources */,
				434CA66320EAEABF00B19938 /* Main.storyboard in Resources */,
			);
			runOnlyForDeploymentPostprocessing = 0;
		};
/* End PBXResourcesBuildPhase section */

/* Begin PBXSourcesBuildPhase section */
		434CA65620EAEABF00B19938 /* Sources */ = {
			isa = PBXSourcesBuildPhase;
			buildActionMask = 2147483647;
			files = (
				434CA66020EAEABF00B19938 /* ViewController.swift in Sources */,
				434CA65E20EAEABF00B19938 /* AppDelegate.swift in Sources */,
				43949F82218AC0570082DEEF /* mainViewController.swift in Sources */,
			);
			runOnlyForDeploymentPostprocessing = 0;
		};
/* End PBXSourcesBuildPhase section */

/* Begin PBXVariantGroup section */
		434CA66120EAEABF00B19938 /* Main.storyboard */ = {
			isa = PBXVariantGroup;
			children = (
				434CA66220EAEABF00B19938 /* Base */,
			);
			name = Main.storyboard;
			sourceTree = "<group>";
		};
		434CA66620EAEAC000B19938 /* LaunchScreen.storyboard */ = {
			isa = PBXVariantGroup;
			children = (
				434CA66720EAEAC000B19938 /* Base */,
			);
			name = LaunchScreen.storyboard;
			sourceTree = "<group>";
		};
/* End PBXVariantGroup section */

/* Begin XCBuildConfiguration section */
		434CA66A20EAEAC000B19938 /* Debug */ = {
			isa = XCBuildConfiguration;
			buildSettings = {
				ALWAYS_SEARCH_USER_PATHS = NO;
				CLANG_ANALYZER_NONNULL = YES;
				CLANG_ANALYZER_NUMBER_OBJECT_CONVERSION = YES_AGGRESSIVE;
				CLANG_CXX_LANGUAGE_STANDARD = "gnu++14";
				CLANG_CXX_LIBRARY = "libc++";
				CLANG_ENABLE_MODULES = YES;
				CLANG_ENABLE_OBJC_ARC = YES;
				CLANG_ENABLE_OBJC_WEAK = YES;
				CLANG_WARN_BLOCK_CAPTURE_AUTORELEASING = YES;
				CLANG_WARN_BOOL_CONVERSION = YES;
				CLANG_WARN_COMMA = YES;
				CLANG_WARN_CONSTANT_CONVERSION = YES;
				CLANG_WARN_DEPRECATED_OBJC_IMPLEMENTATIONS = YES;
				CLANG_WARN_DIRECT_OBJC_ISA_USAGE = YES_ERROR;
				CLANG_WARN_DOCUMENTATION_COMMENTS = YES;
				CLANG_WARN_EMPTY_BODY = YES;
				CLANG_WARN_ENUM_CONVERSION = YES;
				CLANG_WARN_INFINITE_RECURSION = YES;
				CLANG_WARN_INT_CONVERSION = YES;
				CLANG_WARN_NON_LITERAL_NULL_CONVERSION = YES;
				CLANG_WARN_OBJC_IMPLICIT_RETAIN_SELF = YES;
				CLANG_WARN_OBJC_LITERAL_CONVERSION = YES;
				CLANG_WARN_OBJC_ROOT_CLASS = YES_ERROR;
				CLANG_WARN_RANGE_LOOP_ANALYSIS = YES;
				CLANG_WARN_STRICT_PROTOTYPES = YES;
				CLANG_WARN_SUSPICIOUS_MOVE = YES;
				CLANG_WARN_UNGUARDED_AVAILABILITY = YES_AGGRESSIVE;
				CLANG_WARN_UNREACHABLE_CODE = YES;
				CLANG_WARN__DUPLICATE_METHOD_MATCH = YES;
				CODE_SIGN_IDENTITY = "iPhone Developer";
				COPY_PHASE_STRIP = NO;
				DEBUG_INFORMATION_FORMAT = dwarf;
				ENABLE_STRICT_OBJC_MSGSEND = YES;
				ENABLE_TESTABILITY = YES;
				GCC_C_LANGUAGE_STANDARD = gnu11;
				GCC_DYNAMIC_NO_PIC = NO;
				GCC_NO_COMMON_BLOCKS = YES;
				GCC_OPTIMIZATION_LEVEL = 0;
				GCC_PREPROCESSOR_DEFINITIONS = (
					"DEBUG=1",
					"$(inherited)",
				);
				GCC_WARN_64_TO_32_BIT_CONVERSION = YES;
				GCC_WARN_ABOUT_RETURN_TYPE = YES_ERROR;
				GCC_WARN_UNDECLARED_SELECTOR = YES;
				GCC_WARN_UNINITIALIZED_AUTOS = YES_AGGRESSIVE;
				GCC_WARN_UNUSED_FUNCTION = YES;
				GCC_WARN_UNUSED_VARIABLE = YES;
				IPHONEOS_DEPLOYMENT_TARGET = 11.4;
				MTL_ENABLE_DEBUG_INFO = YES;
				ONLY_ACTIVE_ARCH = YES;
				SDKROOT = iphoneos;
				SWIFT_ACTIVE_COMPILATION_CONDITIONS = DEBUG;
				SWIFT_OPTIMIZATION_LEVEL = "-Onone";
			};
			name = Debug;
		};
		434CA66B20EAEAC000B19938 /* Release */ = {
			isa = XCBuildConfiguration;
			buildSettings = {
				ALWAYS_SEARCH_USER_PATHS = NO;
				CLANG_ANALYZER_NONNULL = YES;
				CLANG_ANALYZER_NUMBER_OBJECT_CONVERSION = YES_AGGRESSIVE;
				CLANG_CXX_LANGUAGE_STANDARD = "gnu++14";
				CLANG_CXX_LIBRARY = "libc++";
				CLANG_ENABLE_MODULES = YES;
				CLANG_ENABLE_OBJC_ARC = YES;
				CLANG_ENABLE_OBJC_WEAK = YES;
				CLANG_WARN_BLOCK_CAPTURE_AUTORELEASING = YES;
				CLANG_WARN_BOOL_CONVERSION = YES;
				CLANG_WARN_COMMA = YES;
				CLANG_WARN_CONSTANT_CONVERSION = YES;
				CLANG_WARN_DEPRECATED_OBJC_IMPLEMENTATIONS = YES;
				CLANG_WARN_DIRECT_OBJC_ISA_USAGE = YES_ERROR;
				CLANG_WARN_DOCUMENTATION_COMMENTS = YES;
				CLANG_WARN_EMPTY_BODY = YES;
				CLANG_WARN_ENUM_CONVERSION = YES;
				CLANG_WARN_INFINITE_RECURSION = YES;
				CLANG_WARN_INT_CONVERSION = YES;
				CLANG_WARN_NON_LITERAL_NULL_CONVERSION = YES;
				CLANG_WARN_OBJC_IMPLICIT_RETAIN_SELF = YES;
				CLANG_WARN_OBJC_LITERAL_CONVERSION = YES;
				CLANG_WARN_OBJC_ROOT_CLASS = YES_ERROR;
				CLANG_WARN_RANGE_LOOP_ANALYSIS = YES;
				CLANG_WARN_STRICT_PROTOTYPES = YES;
				CLANG_WARN_SUSPICIOUS_MOVE = YES;
				CLANG_WARN_UNGUARDED_AVAILABILITY = YES_AGGRESSIVE;
				CLANG_WARN_UNREACHABLE_CODE = YES;
				CLANG_WARN__DUPLICATE_METHOD_MATCH = YES;
				CODE_SIGN_IDENTITY = "iPhone Developer";
				COPY_PHASE_STRIP = NO;
				DEBUG_INFORMATION_FORMAT = "dwarf-with-dsym";
				ENABLE_NS_ASSERTIONS = NO;
				ENABLE_STRICT_OBJC_MSGSEND = YES;
				GCC_C_LANGUAGE_STANDARD = gnu11;
				GCC_NO_COMMON_BLOCKS = YES;
				GCC_WARN_64_TO_32_BIT_CONVERSION = YES;
				GCC_WARN_ABOUT_RETURN_TYPE = YES_ERROR;
				GCC_WARN_UNDECLARED_SELECTOR = YES;
				GCC_WARN_UNINITIALIZED_AUTOS = YES_AGGRESSIVE;
				GCC_WARN_UNUSED_FUNCTION = YES;
				GCC_WARN_UNUSED_VARIABLE = YES;
				IPHONEOS_DEPLOYMENT_TARGET = 11.4;
				MTL_ENABLE_DEBUG_INFO = NO;
				SDKROOT = iphoneos;
				SWIFT_COMPILATION_MODE = wholemodule;
				SWIFT_OPTIMIZATION_LEVEL = "-O";
				VALIDATE_PRODUCT = YES;
			};
			name = Release;
		};
		434CA66D20EAEAC000B19938 /* Debug */ = {
			isa = XCBuildConfiguration;
			buildSettings = {
				ASSETCATALOG_COMPILER_APPICON_NAME = AppIcon;
				CODE_SIGN_IDENTITY = "iPhone Developer";
				CODE_SIGN_STYLE = Automatic;
				DEVELOPMENT_TEAM = 3BKHX3BKMM;
				INFOPLIST_FILE = WarCard/Info.plist;
				IPHONEOS_DEPLOYMENT_TARGET = 12.1;
				LD_RUNPATH_SEARCH_PATHS = (
					"$(inherited)",
					"@executable_path/Frameworks",
				);
				PRODUCT_BUNDLE_IDENTIFIER = neeravpatel.github.io.WarCard;
				PRODUCT_NAME = "$(TARGET_NAME)";
				PROVISIONING_PROFILE_SPECIFIER = "";
				SWIFT_VERSION = 5.0;
				TARGETED_DEVICE_FAMILY = 1;
			};
			name = Debug;
		};
		434CA66E20EAEAC000B19938 /* Release */ = {
			isa = XCBuildConfiguration;
			buildSettings = {
				ASSETCATALOG_COMPILER_APPICON_NAME = AppIcon;
				CODE_SIGN_IDENTITY = "iPhone Developer";
				CODE_SIGN_STYLE = Automatic;
				DEVELOPMENT_TEAM = 3BKHX3BKMM;
				INFOPLIST_FILE = WarCard/Info.plist;
				IPHONEOS_DEPLOYMENT_TARGET = 12.1;
				LD_RUNPATH_SEARCH_PATHS = (
					"$(inherited)",
					"@executable_path/Frameworks",
				);
				PRODUCT_BUNDLE_IDENTIFIER = neeravpatel.github.io.WarCard;
				PRODUCT_NAME = "$(TARGET_NAME)";
				PROVISIONING_PROFILE_SPECIFIER = "";
				SWIFT_VERSION = 5.0;
				TARGETED_DEVICE_FAMILY = 1;
			};
			name = Release;
		};
/* End XCBuildConfiguration section */

/* Begin XCConfigurationList section */
		434CA65520EAEABF00B19938 /* Build configuration list for PBXProject "WarCard" */ = {
			isa = XCConfigurationList;
			buildConfigurations = (
				434CA66A20EAEAC000B19938 /* Debug */,
				434CA66B20EAEAC000B19938 /* Release */,
			);
			defaultConfigurationIsVisible = 0;
			defaultConfigurationName = Release;
		};
		434CA66C20EAEAC000B19938 /* Build configuration list for PBXNativeTarget "WarCard" */ = {
			isa = XCConfigurationList;
			buildConfigurations = (
				434CA66D20EAEAC000B19938 /* Debug */,
				434CA66E20EAEAC000B19938 /* Release */,
			);
			defaultConfigurationIsVisible = 0;
			defaultConfigurationName = Release;
		};
/* End XCConfigurationList section */
	};
	rootObject = 434CA65220EAEABF00B19938 /* Project object */;
}
